
Microsoft Visual Studio Solution File, Format Version 12.00
# Visual Studio 14
VisualStudioVersion = 14.0.25420.1
MinimumVisualStudioVersion = 10.0.40219.1
Project("{FAE04EC0-301F-11D3-BF4B-00C04F79EFBC}") = "Lighthouse", "Lighthouse\Lighthouse\Lighthouse.csproj", "{EFDA09B3-7D48-4E70-BFDD-D410CFA9FB05}"
EndProject
Project("{FAE04EC0-301F-11D3-BF4B-00C04F79EFBC}") = "API", "API\API.csproj", "{77A3E3D7-D903-417B-8C9B-62E9E5A8A3D6}"
EndProject
Project("{FAE04EC0-301F-11D3-BF4B-00C04F79EFBC}") = "ReactiveClient", "ReactiveClient\ReactiveClient.csproj", "{C59EA878-37E3-4E3C-854D-554C3A512367}"
EndProject
Global
	GlobalSection(SolutionConfigurationPlatforms) = preSolution
		Debug|Any CPU = Debug|Any CPU
		Debug|x64 = Debug|x64
		Release|Any CPU = Release|Any CPU
		Release|x64 = Release|x64
	EndGlobalSection
	GlobalSection(ProjectConfigurationPlatforms) = postSolution
		{EFDA09B3-7D48-4E70-BFDD-D410CFA9FB05}.Debug|Any CPU.ActiveCfg = Debug|Any CPU
		{EFDA09B3-7D48-4E70-BFDD-D410CFA9FB05}.Debug|Any CPU.Build.0 = Debug|Any CPU
		{EFDA09B3-7D48-4E70-BFDD-D410CFA9FB05}.Debug|x64.ActiveCfg = Debug|x64
		{EFDA09B3-7D48-4E70-BFDD-D410CFA9FB05}.Debug|x64.Build.0 = Debug|x64
		{EFDA09B3-7D48-4E70-BFDD-D410CFA9FB05}.Release|Any CPU.ActiveCfg = Release|Any CPU
		{EFDA09B3-7D48-4E70-BFDD-D410CFA9FB05}.Release|Any CPU.Build.0 = Release|Any CPU
		{EFDA09B3-7D48-4E70-BFDD-D410CFA9FB05}.Release|x64.ActiveCfg = Release|x64
		{EFDA09B3-7D48-4E70-BFDD-D410CFA9FB05}.Release|x64.Build.0 = Release|x64
		{77A3E3D7-D903-417B-8C9B-62E9E5A8A3D6}.Debug|Any CPU.ActiveCfg = Debug|Any CPU
		{77A3E3D7-D903-417B-8C9B-62E9E5A8A3D6}.Debug|Any CPU.Build.0 = Debug|Any CPU
		{77A3E3D7-D903-417B-8C9B-62E9E5A8A3D6}.Debug|x64.ActiveCfg = Debug|x64
		{77A3E3D7-D903-417B-8C9B-62E9E5A8A3D6}.Debug|x64.Build.0 = Debug|x64
		{77A3E3D7-D903-417B-8C9B-62E9E5A8A3D6}.Release|Any CPU.ActiveCfg = Release|Any CPU
		{77A3E3D7-D903-417B-8C9B-62E9E5A8A3D6}.Release|Any CPU.Build.0 = Release|Any CPU
		{77A3E3D7-D903-417B-8C9B-62E9E5A8A3D6}.Release|x64.ActiveCfg = Release|x64
		{77A3E3D7-D903-417B-8C9B-62E9E5A8A3D6}.Release|x64.Build.0 = Release|x64
		{C59EA878-37E3-4E3C-854D-554C3A512367}.Debug|Any CPU.ActiveCfg = Debug|Any CPU
		{C59EA878-37E3-4E3C-854D-554C3A512367}.Debug|Any CPU.Build.0 = Debug|Any CPU
		{C59EA878-37E3-4E3C-854D-554C3A512367}.Debug|x64.ActiveCfg = Debug|x64
		{C59EA878-37E3-4E3C-854D-554C3A512367}.Debug|x64.Build.0 = Debug|x64
		{C59EA878-37E3-4E3C-854D-554C3A512367}.Release|Any CPU.ActiveCfg = Release|Any CPU
		{C59EA878-37E3-4E3C-854D-554C3A512367}.Release|Any CPU.Build.0 = Release|Any CPU
		{C59EA878-37E3-4E3C-854D-554C3A512367}.Release|x64.ActiveCfg = Release|x64
		{C59EA878-37E3-4E3C-854D-554C3A512367}.Release|x64.Build.0 = Release|x64
	EndGlobalSection
	GlobalSection(SolutionProperties) = preSolution
		HideSolutionNode = FALSE
	EndGlobalSection
EndGlobal
